
Microsoft Visual Studio Solution File, Format Version 12.00
# Visual Studio Version 16
VisualStudioVersion = 16.0.28803.156
MinimumVisualStudioVersion = 10.0.40219.1
Project("{888888A0-9F3D-457C-B088-3A5042F75D52}") = "VS Python Test", "VS Python Test\VS Python Test.pyproj", "{8C83DEBB-C026-4605-B3CB-BF74CFF853FF}"
EndProject
Global
	GlobalSection(SolutionConfigurationPlatforms) = preSolution
		Debug|Any CPU = Debug|Any CPU
		Release|Any CPU = Release|Any CPU
	EndGlobalSection
	GlobalSection(ProjectConfigurationPlatforms) = postSolution
		{8C83DEBB-C026-4605-B3CB-BF74CFF853FF}.Debug|Any CPU.ActiveCfg = Debug|Any CPU
		{8C83DEBB-C026-4605-B3CB-BF74CFF853FF}.Release|Any CPU.ActiveCfg = Release|Any CPU
	EndGlobalSection
	GlobalSection(SolutionProperties) = preSolution
		HideSolutionNode = FALSE
	EndGlobalSection
	GlobalSection(ExtensibilityGlobals) = postSolution
		SolutionGuid = {19A47855-24DA-4EB9-8DCC-71756375B6DD}
	EndGlobalSection
EndGlobal
